
Microsoft Visual Studio Solution File, Format Version 12.00
# Visual Studio 15
Project("{FAE04EC0-301F-11D3-BF4B-00C04F79EFBC}") = "Assembly-CSharp", "Assembly-CSharp.csproj", "{135B72C3-5E17-59B8-1A7C-01DE0554B503}"
EndProject
Global
	GlobalSection(SolutionConfigurationPlatforms) = preSolution
		Debug|Any CPU = Debug|Any CPU
		Release|Any CPU = Release|Any CPU
	EndGlobalSection
	GlobalSection(ProjectConfigurationPlatforms) = postSolution
		{135B72C3-5E17-59B8-1A7C-01DE0554B503}.Debug|Any CPU.ActiveCfg = Debug|Any CPU
		{135B72C3-5E17-59B8-1A7C-01DE0554B503}.Debug|Any CPU.Build.0 = Debug|Any CPU
		{135B72C3-5E17-59B8-1A7C-01DE0554B503}.Release|Any CPU.ActiveCfg = Release|Any CPU
		{135B72C3-5E17-59B8-1A7C-01DE0554B503}.Release|Any CPU.Build.0 = Release|Any CPU
	EndGlobalSection
	GlobalSection(SolutionProperties) = preSolution
		HideSolutionNode = FALSE
	EndGlobalSection
EndGlobal
